# This file is autogenerated, do not edit; changes may be undone by the next 'dep ensure'.


[[projects]]
  branch = "master"
  digest = "1:cebdd376a4a385abb3e26b89f7db3c936424c4d9a9830cee23bc67c74f21ef7c"
  name = "github.com/Songmu/retry"
  packages = ["."]
  pruneopts = "UT"
  revision = "902aa877ec14b4d10b9db5c8caf81a111cf0680e"

[[projects]]
  digest = "1:97df918963298c287643883209a2c3f642e6593379f97ab400c2a2e219ab647d"
  name = "github.com/golang/protobuf"
  packages = ["proto"]
  pruneopts = "UT"
  revision = "aa810b61a9c79d51363740d207bb46cf8e620ed5"
  version = "v1.2.0"

[[projects]]
  digest = "1:2e3c336fc7fde5c984d2841455a658a6d626450b1754a854b3b32e7a8f49a07a"
  name = "github.com/google/go-cmp"
  packages = [
    "cmp",
    "cmp/internal/diff",
    "cmp/internal/function",
    "cmp/internal/value",
  ]
  pruneopts = "UT"
  revision = "3af367b6b30c263d47e8895973edcca9a49cf029"
  version = "v0.2.0"

[[projects]]
  branch = "master"
  digest = "1:d226d0f3f08498c5965527df6b78d9e3a89a60057a4743c2a3ab4b349f9382f9"
  name = "github.com/google/go-github"
  packages = ["github"]
  pruneopts = "UT"
  revision = "99760a16213d6fdde13f4e477438f876b6c9c6eb"

[[projects]]
  digest = "1:a63cff6b5d8b95638bfe300385d93b2a6d9d687734b863da8e09dc834510a690"
  name = "github.com/google/go-querystring"
  packages = ["query"]
  pruneopts = "UT"
  revision = "44c6ddd0a2342c386950e880b658017258da92fc"
  version = "v1.0.0"

[[projects]]
  digest = "1:77395dd3847dac9c45118c668f5dab85aedf0163dc3b38aea6578c5cf0d502f9"
  name = "github.com/hashicorp/go-version"
  packages = ["."]
  pruneopts = "UT"
  revision = "b5a281d3160aa11950a6182bd9a9dc2cb1e02d50"
  version = "v1.0.0"

[[projects]]
  branch = "master"
  digest = "1:44bded655601398728aa1c78278cb726569c6cdf49b44030ad740b290f4dab5e"
  name = "github.com/izumin5210/cgt"
  packages = ["."]
  pruneopts = "UT"
  revision = "ac2ef913eb51b3c56d185c7462939e64c4997970"

[[projects]]
  branch = "master"
  digest = "1:be40f095cd741773905744f16c1f7a21fd9226ccd0529f019deb7da6d667f71c"
  name = "github.com/logrusorgru/aurora"
  packages = ["."]
  pruneopts = "UT"
  revision = "a7b3b318ed4e1ae5b80602b08627267303c68572"

[[projects]]
  branch = "master"
  digest = "1:0f96ec4151a24d7bfd4298fc13cc320a000e31b4e5431cf88e3ffc961db846fd"
  name = "github.com/mattn/go-colorable"
  packages = ["."]
  pruneopts = "UT"
  revision = "efa589957cd060542a26d2dd7832fd6a6c6c3ade"

[[projects]]
  digest = "1:0981502f9816113c9c8c4ac301583841855c8cf4da8c72f696b3ebedf6d0e4e5"
  name = "github.com/mattn/go-isatty"
  packages = ["."]
  pruneopts = "UT"
  revision = "6ca4dbf54d38eea1a992b3c722a76a5d1c4cb25c"
  version = "v0.0.4"

[[projects]]
  branch = "master"
  digest = "1:ded79ae4dc43f8382f782459c8082f8910e5002fc04a492e98c7a72734ae0dc5"
  name = "github.com/mitchellh/colorstring"
  packages = ["."]
  pruneopts = "UT"
  revision = "8631ce90f28644f54aeedcb3e389a85174e067d1"

[[projects]]
  branch = "master"
  digest = "1:9f6281d8f50290ba740db82fe5be52877936e47928cd67285ab31b490c202247"
  name = "github.com/pkg/errors"
  packages = ["."]
  pruneopts = "UT"
  revision = "059132a15dd08d6704c67711dae0cf35ab991756"

[[projects]]
  digest = "1:b2baf6620362ef4ce50330918c4e980396ac2f3abd26442818c9a91a2fbb9e97"
  name = "github.com/srvc/fail"
  packages = ["."]
  pruneopts = "UT"
  revision = "9851d3097a9222786b7f6cad98c838e28e76b26d"
  version = "v3.1.0"

[[projects]]
  branch = "master"
  digest = "1:7538a374d2a3894e41839c892d132d0a327b333e22e47e2588ee64ef4ca2bf61"
  name = "github.com/tcnksm/ghr"
  packages = ["."]
  pruneopts = "UT"
  revision = "1dabd986f323f9f96458c418f61d562fd2918442"

[[projects]]
  branch = "master"
  digest = "1:9103234d8f125b20a2c1a59c412138cef1455e725d50e812d9300485b0d24173"
  name = "github.com/tcnksm/go-gitconfig"
  packages = ["."]
  pruneopts = "UT"
  revision = "6411ba19847f20afe47f603328d97aaeca6def6f"

[[projects]]
  branch = "master"
  digest = "1:eefc695042e6873e2e031a81bde1afcc7e12fe3849b9a7b77f5be1bccd9ede44"
  name = "github.com/tcnksm/go-latest"
  packages = ["."]
  pruneopts = "UT"
  revision = "e3007ae9052ed85144087e7392e4c3fbc07962fa"

[[projects]]
  digest = "1:b24d38b282bacf9791408a080f606370efa3d364e4b5fd9ba0f7b87786d3b679"
  name = "github.com/urfave/cli"
  packages = ["."]
  pruneopts = "UT"
  revision = "cfb38830724cc34fedffe9a2a29fb54fa9169cd1"
  version = "v1.20.0"

[[projects]]
  branch = "master"
  digest = "1:3f3a05ae0b95893d90b9b3b5afdb79a9b3d96e4e36e099d841ae602e4aca0da8"
  name = "golang.org/x/crypto"
  packages = ["ssh/terminal"]
  pruneopts = "UT"
  revision = "e4dc69e5b2fd71dcaf8bd5d054eb936deb78d1fa"

[[projects]]
  branch = "master"
  digest = "1:db7528233e2f178f8770284f05c60708b31e73d9b8d287676ce52a3389681fe4"
  name = "golang.org/x/net"
  packages = [
    "context",
    "context/ctxhttp",
    "html",
    "html/atom",
  ]
  pruneopts = "UT"
  revision = "03003ca0c849e57b6ea29a4bab8d3cb6e4d568fe"

[[projects]]
  branch = "master"
  digest = "1:bd33fb266abe5db1fb1c04e58e98192068f05a8d22fae2a9f22270c8422bb331"
  name = "golang.org/x/oauth2"
  packages = [
    ".",
    "internal",
  ]
  pruneopts = "UT"
  revision = "f42d05182288abf10faef86d16c0d07b8d40ea2d"

[[projects]]
  branch = "master"
  digest = "1:b521f10a2d8fa85c04a8ef4e62f2d1e14d303599a55d64dabf9f5a02f84d35eb"
  name = "golang.org/x/sync"
  packages = ["errgroup"]
  pruneopts = "UT"
  revision = "42b317875d0fa942474b76e1b46a6060d720ae6e"

[[projects]]
  branch = "master"
  digest = "1:6a875550c3b582f6c2d7e2ce44aba792511f00016d7c46b0a4fb26f730ef3058"
  name = "golang.org/x/sys"
  packages = [
    "unix",
    "windows",
  ]
  pruneopts = "UT"
  revision = "66b7b1311ac80bbafcd2daeef9a5e6e2cd1e2399"

[[projects]]
  digest = "1:08206298775e5b462e6c0333f4471b44e63f1a70e42952b6ede4ecc9572281eb"
  name = "google.golang.org/appengine"
  packages = [
    "internal",
    "internal/base",
    "internal/datastore",
    "internal/log",
    "internal/remote_api",
    "internal/urlfetch",
    "urlfetch",
  ]
  pruneopts = "UT"
  revision = "4a4468ece617fc8205e99368fa2200e9d1fad421"
  version = "v1.3.0"

[[projects]]
  digest = "1:a4b04b5314d49a67ad022fa7693453ee2b823ab99314f52fa3930ed31085dfef"
  name = "gopkg.in/guregu/null.v3"
  packages = ["."]
  pruneopts = "UT"
  revision = "80515d440932108546bcade467bb7d6968e812e2"
  version = "v3.4.0"

[solve-meta]
  analyzer-name = "dep"
  analyzer-version = 1
  input-imports = [
    "github.com/google/go-cmp/cmp",
    "github.com/izumin5210/cgt",
    "github.com/srvc/fail",
    "github.com/tcnksm/ghr",
    "github.com/urfave/cli",
    "gopkg.in/guregu/null.v3",
  ]
  solver-name = "gps-cdcl"
  solver-version = 1
